
Microsoft Visual Studio Solution File, Format Version 12.00
# Visual Studio Version 17
VisualStudioVersion = 17.10.35013.160
MinimumVisualStudioVersion = 10.0.40219.1
Project("{FAE04EC0-301F-11D3-BF4B-00C04F79EFBC}") = "DemoRachanaWebAPI", "DemoRachanaWebAPI\DemoRachanaWebAPI.csproj", "{3A50D369-1340-4F92-A716-217D5729A358}"
EndProject
Global
	GlobalSection(SolutionConfigurationPlatforms) = preSolution
		Debug|Any CPU = Debug|Any CPU
		Release|Any CPU = Release|Any CPU
	EndGlobalSection
	GlobalSection(ProjectConfigurationPlatforms) = postSolution
		{3A50D369-1340-4F92-A716-217D5729A358}.Debug|Any CPU.ActiveCfg = Debug|Any CPU
		{3A50D369-1340-4F92-A716-217D5729A358}.Debug|Any CPU.Build.0 = Debug|Any CPU
		{3A50D369-1340-4F92-A716-217D5729A358}.Release|Any CPU.ActiveCfg = Release|Any CPU
		{3A50D369-1340-4F92-A716-217D5729A358}.Release|Any CPU.Build.0 = Release|Any CPU
	EndGlobalSection
	GlobalSection(SolutionProperties) = preSolution
		HideSolutionNode = FALSE
	EndGlobalSection
	GlobalSection(ExtensibilityGlobals) = postSolution
		SolutionGuid = {1B2108F5-10B8-48EE-A85B-60121DD55EFB}
	EndGlobalSection
EndGlobal
